
Microsoft Visual Studio Solution File, Format Version 12.00
# Visual Studio Version 17
VisualStudioVersion = 17.8.34330.188
MinimumVisualStudioVersion = 10.0.40219.1
Project("{FAE04EC0-301F-11D3-BF4B-00C04F79EFBC}") = "FacturationGroupe1", "FacturationGroupe1\FacturationGroupe1.csproj", "{4FE6FC7D-1298-4AB8-8601-731CB0BDBCCC}"
EndProject
Global
	GlobalSection(SolutionConfigurationPlatforms) = preSolution
		Debug|Any CPU = Debug|Any CPU
		Release|Any CPU = Release|Any CPU
	EndGlobalSection
	GlobalSection(ProjectConfigurationPlatforms) = postSolution
		{4FE6FC7D-1298-4AB8-8601-731CB0BDBCCC}.Debug|Any CPU.ActiveCfg = Debug|Any CPU
		{4FE6FC7D-1298-4AB8-8601-731CB0BDBCCC}.Debug|Any CPU.Build.0 = Debug|Any CPU
		{4FE6FC7D-1298-4AB8-8601-731CB0BDBCCC}.Release|Any CPU.ActiveCfg = Release|Any CPU
		{4FE6FC7D-1298-4AB8-8601-731CB0BDBCCC}.Release|Any CPU.Build.0 = Release|Any CPU
	EndGlobalSection
	GlobalSection(SolutionProperties) = preSolution
		HideSolutionNode = FALSE
	EndGlobalSection
	GlobalSection(ExtensibilityGlobals) = postSolution
		SolutionGuid = {D249DD80-4F69-4023-BA36-34BC2504DF2D}
	EndGlobalSection
EndGlobal
